
Microsoft Visual Studio Solution File, Format Version 12.00
# Visual Studio Version 17
VisualStudioVersion = 17.2.32505.173
MinimumVisualStudioVersion = 10.0.40219.1
Project("{FAE04EC0-301F-11D3-BF4B-00C04F79EFBC}") = "Auction", "Auction\Auction.csproj", "{948F6171-4EBE-48A5-8A7D-E93F0AE1FA39}"
EndProject
Global
	GlobalSection(SolutionConfigurationPlatforms) = preSolution
		Debug|Any CPU = Debug|Any CPU
		Release|Any CPU = Release|Any CPU
	EndGlobalSection
	GlobalSection(ProjectConfigurationPlatforms) = postSolution
		{948F6171-4EBE-48A5-8A7D-E93F0AE1FA39}.Debug|Any CPU.ActiveCfg = Debug|Any CPU
		{948F6171-4EBE-48A5-8A7D-E93F0AE1FA39}.Debug|Any CPU.Build.0 = Debug|Any CPU
		{948F6171-4EBE-48A5-8A7D-E93F0AE1FA39}.Release|Any CPU.ActiveCfg = Release|Any CPU
		{948F6171-4EBE-48A5-8A7D-E93F0AE1FA39}.Release|Any CPU.Build.0 = Release|Any CPU
	EndGlobalSection
	GlobalSection(SolutionProperties) = preSolution
		HideSolutionNode = FALSE
	EndGlobalSection
	GlobalSection(ExtensibilityGlobals) = postSolution
		SolutionGuid = {2806B01B-C91D-4D78-BE9D-92047CFB0744}
	EndGlobalSection
EndGlobal
